// !$*UTF8*$!
{
	archiveVersion = 1;
	classes = {
	};
	objectVersion = 56;
	objects = {

/* Begin PBXBuildFile section */
		E3C4C36C292065BE00679D49 /* AppDelegate.swift in Sources */ = {isa = PBXBuildFile; fileRef = E3C4C36B292065BE00679D49 /* AppDelegate.swift */; };
		E3C4C36E292065BE00679D49 /* SceneDelegate.swift in Sources */ = {isa = PBXBuildFile; fileRef = E3C4C36D292065BE00679D49 /* SceneDelegate.swift */; };
		E3C4C373292065BE00679D49 /* Main.storyboard in Resources */ = {isa = PBXBuildFile; fileRef = E3C4C371292065BE00679D49 /* Main.storyboard */; };
		E3C4C375292065BF00679D49 /* Assets.xcassets in Resources */ = {isa = PBXBuildFile; fileRef = E3C4C374292065BF00679D49 /* Assets.xcassets */; };
		E3C4C378292065BF00679D49 /* LaunchScreen.storyboard in Resources */ = {isa = PBXBuildFile; fileRef = E3C4C376292065BF00679D49 /* LaunchScreen.storyboard */; };
		E3C4C383292065BF00679D49 /* Cool_Cars_ProjectTests.swift in Sources */ = {isa = PBXBuildFile; fileRef = E3C4C382292065BF00679D49 /* Cool_Cars_ProjectTests.swift */; };
		E3C4C38D292065BF00679D49 /* Cool_Cars_ProjectUITests.swift in Sources */ = {isa = PBXBuildFile; fileRef = E3C4C38C292065BF00679D49 /* Cool_Cars_ProjectUITests.swift */; };
		E3C4C38F292065BF00679D49 /* Cool_Cars_ProjectUITestsLaunchTests.swift in Sources */ = {isa = PBXBuildFile; fileRef = E3C4C38E292065BF00679D49 /* Cool_Cars_ProjectUITestsLaunchTests.swift */; };
		E3C4C39C2920811600679D49 /* TradingVC.swift in Sources */ = {isa = PBXBuildFile; fileRef = E3C4C39B2920811600679D49 /* TradingVC.swift */; };
		E3C4C3A42924692900679D49 /* CustomView.swift in Sources */ = {isa = PBXBuildFile; fileRef = E3C4C3A32924692900679D49 /* CustomView.swift */; };
		E3C4C3A9292475F100679D49 /* User.swift in Sources */ = {isa = PBXBuildFile; fileRef = E3C4C3A8292475F100679D49 /* User.swift */; };
		E3C4C3AB29247A8900679D49 /* Vehicle.swift in Sources */ = {isa = PBXBuildFile; fileRef = E3C4C3AA29247A8900679D49 /* Vehicle.swift */; };
		E3C4C3AD2925509B00679D49 /* VehiclePageVC.swift in Sources */ = {isa = PBXBuildFile; fileRef = E3C4C3AC2925509B00679D49 /* VehiclePageVC.swift */; };
		E3C4C3AF292574FE00679D49 /* YourVehicleVC.swift in Sources */ = {isa = PBXBuildFile; fileRef = E3C4C3AE292574FE00679D49 /* YourVehicleVC.swift */; };
		E3C4C3B129258BFC00679D49 /* DisplayVehicleData.swift in Sources */ = {isa = PBXBuildFile; fileRef = E3C4C3B029258BFC00679D49 /* DisplayVehicleData.swift */; };
		E3D5723E295E4B4F002FB295 /* CurrentVC.swift in Sources */ = {isa = PBXBuildFile; fileRef = E3D5723D295E4B4F002FB295 /* CurrentVC.swift */; };
		E3D57240295E4B6E002FB295 /* NextVC.swift in Sources */ = {isa = PBXBuildFile; fileRef = E3D5723F295E4B6E002FB295 /* NextVC.swift */; };
/* End PBXBuildFile section */

/* Begin PBXContainerItemProxy section */
		E3C4C37F292065BF00679D49 /* PBXContainerItemProxy */ = {
			isa = PBXContainerItemProxy;
			containerPortal = E3C4C360292065BE00679D49 /* Project object */;
			proxyType = 1;
			remoteGlobalIDString = E3C4C367292065BE00679D49;
			remoteInfo = "Cool Cars Project";
		};
		E3C4C389292065BF00679D49 /* PBXContainerItemProxy */ = {
			isa = PBXContainerItemProxy;
			containerPortal = E3C4C360292065BE00679D49 /* Project object */;
			proxyType = 1;
			remoteGlobalIDString = E3C4C367292065BE00679D49;
			remoteInfo = "Cool Cars Project";
		};
/* End PBXContainerItemProxy section */

/* Begin PBXFileReference section */
		E3C4C368292065BE00679D49 /* Cool Cars Project.app */ = {isa = PBXFileReference; explicitFileType = wrapper.application; includeInIndex = 0; path = "Cool Cars Project.app"; sourceTree = BUILT_PRODUCTS_DIR; };
		E3C4C36B292065BE00679D49 /* AppDelegate.swift */ = {isa = PBXFileReference; lastKnownFileType = sourcecode.swift; path = AppDelegate.swift; sourceTree = "<group>"; };
		E3C4C36D292065BE00679D49 /* SceneDelegate.swift */ = {isa = PBXFileReference; lastKnownFileType = sourcecode.swift; path = SceneDelegate.swift; sourceTree = "<group>"; };
		E3C4C372292065BE00679D49 /* Base */ = {isa = PBXFileReference; lastKnownFileType = file.storyboard; name = Base; path = Base.lproj/Main.storyboard; sourceTree = "<group>"; };
		E3C4C374292065BF00679D49 /* Assets.xcassets */ = {isa = PBXFileReference; lastKnownFileType = folder.assetcatalog; path = Assets.xcassets; sourceTree = "<group>"; };
		E3C4C377292065BF00679D49 /* Base */ = {isa = PBXFileReference; lastKnownFileType = file.storyboard; name = Base; path = Base.lproj/LaunchScreen.storyboard; sourceTree = "<group>"; };
		E3C4C379292065BF00679D49 /* Info.plist */ = {isa = PBXFileReference; lastKnownFileType = text.plist.xml; path = Info.plist; sourceTree = "<group>"; };
		E3C4C37E292065BF00679D49 /* Cool Cars ProjectTests.xctest */ = {isa = PBXFileReference; explicitFileType = wrapper.cfbundle; includeInIndex = 0; path = "Cool Cars ProjectTests.xctest"; sourceTree = BUILT_PRODUCTS_DIR; };
		E3C4C382292065BF00679D49 /* Cool_Cars_ProjectTests.swift */ = {isa = PBXFileReference; lastKnownFileType = sourcecode.swift; path = Cool_Cars_ProjectTests.swift; sourceTree = "<group>"; };
		E3C4C388292065BF00679D49 /* Cool Cars ProjectUITests.xctest */ = {isa = PBXFileReference; explicitFileType = wrapper.cfbundle; includeInIndex = 0; path = "Cool Cars ProjectUITests.xctest"; sourceTree = BUILT_PRODUCTS_DIR; };
		E3C4C38C292065BF00679D49 /* Cool_Cars_ProjectUITests.swift */ = {isa = PBXFileReference; lastKnownFileType = sourcecode.swift; path = Cool_Cars_ProjectUITests.swift; sourceTree = "<group>"; };
		E3C4C38E292065BF00679D49 /* Cool_Cars_ProjectUITestsLaunchTests.swift */ = {isa = PBXFileReference; lastKnownFileType = sourcecode.swift; path = Cool_Cars_ProjectUITestsLaunchTests.swift; sourceTree = "<group>"; };
		E3C4C39B2920811600679D49 /* TradingVC.swift */ = {isa = PBXFileReference; lastKnownFileType = sourcecode.swift; path = TradingVC.swift; sourceTree = "<group>"; };
		E3C4C3A32924692900679D49 /* CustomView.swift */ = {isa = PBXFileReference; lastKnownFileType = sourcecode.swift; path = CustomView.swift; sourceTree = "<group>"; };
		E3C4C3A8292475F100679D49 /* User.swift */ = {isa = PBXFileReference; lastKnownFileType = sourcecode.swift; path = User.swift; sourceTree = "<group>"; };
		E3C4C3AA29247A8900679D49 /* Vehicle.swift */ = {isa = PBXFileReference; lastKnownFileType = sourcecode.swift; path = Vehicle.swift; sourceTree = "<group>"; };
		E3C4C3AC2925509B00679D49 /* VehiclePageVC.swift */ = {isa = PBXFileReference; lastKnownFileType = sourcecode.swift; path = VehiclePageVC.swift; sourceTree = "<group>"; };
		E3C4C3AE292574FE00679D49 /* YourVehicleVC.swift */ = {isa = PBXFileReference; lastKnownFileType = sourcecode.swift; path = YourVehicleVC.swift; sourceTree = "<group>"; };
		E3C4C3B029258BFC00679D49 /* DisplayVehicleData.swift */ = {isa = PBXFileReference; lastKnownFileType = sourcecode.swift; path = DisplayVehicleData.swift; sourceTree = "<group>"; };
		E3D5723D295E4B4F002FB295 /* CurrentVC.swift */ = {isa = PBXFileReference; lastKnownFileType = sourcecode.swift; path = CurrentVC.swift; sourceTree = "<group>"; };
		E3D5723F295E4B6E002FB295 /* NextVC.swift */ = {isa = PBXFileReference; lastKnownFileType = sourcecode.swift; path = NextVC.swift; sourceTree = "<group>"; };
/* End PBXFileReference section */

/* Begin PBXFrameworksBuildPhase section */
		E3C4C365292065BE00679D49 /* Frameworks */ = {
			isa = PBXFrameworksBuildPhase;
			buildActionMask = 2147483647;
			files = (
			);
			runOnlyForDeploymentPostprocessing = 0;
		};
		E3C4C37B292065BF00679D49 /* Frameworks */ = {
			isa = PBXFrameworksBuildPhase;
			buildActionMask = 2147483647;
			files = (
			);
			runOnlyForDeploymentPostprocessing = 0;
		};
		E3C4C385292065BF00679D49 /* Frameworks */ = {
			isa = PBXFrameworksBuildPhase;
			buildActionMask = 2147483647;
			files = (
			);
			runOnlyForDeploymentPostprocessing = 0;
		};
/* End PBXFrameworksBuildPhase section */

/* Begin PBXGroup section */
		E3C4C35F292065BE00679D49 = {
			isa = PBXGroup;
			children = (
				E3C4C36A292065BE00679D49 /* Cool Cars Project */,
				E3C4C381292065BF00679D49 /* Cool Cars ProjectTests */,
				E3C4C38B292065BF00679D49 /* Cool Cars ProjectUITests */,
				E3C4C369292065BE00679D49 /* Products */,
			);
			sourceTree = "<group>";
		};
		E3C4C369292065BE00679D49 /* Products */ = {
			isa = PBXGroup;
			children = (
				E3C4C368292065BE00679D49 /* Cool Cars Project.app */,
				E3C4C37E292065BF00679D49 /* Cool Cars ProjectTests.xctest */,
				E3C4C388292065BF00679D49 /* Cool Cars ProjectUITests.xctest */,
			);
			name = Products;
			sourceTree = "<group>";
		};
		E3C4C36A292065BE00679D49 /* Cool Cars Project */ = {
			isa = PBXGroup;
			children = (
				E3C4C379292065BF00679D49 /* Info.plist */,
				E3C4C3A6292474D800679D49 /* Classes & Structs */,
				E3C4C3A5292474C100679D49 /* View Controllers */,
				E3C4C3A7292474ED00679D49 /* Other */,
			);
			path = "Cool Cars Project";
			sourceTree = "<group>";
		};
		E3C4C381292065BF00679D49 /* Cool Cars ProjectTests */ = {
			isa = PBXGroup;
			children = (
				E3C4C382292065BF00679D49 /* Cool_Cars_ProjectTests.swift */,
			);
			path = "Cool Cars ProjectTests";
			sourceTree = "<group>";
		};
		E3C4C38B292065BF00679D49 /* Cool Cars ProjectUITests */ = {
			isa = PBXGroup;
			children = (
				E3C4C38C292065BF00679D49 /* Cool_Cars_ProjectUITests.swift */,
				E3C4C38E292065BF00679D49 /* Cool_Cars_ProjectUITestsLaunchTests.swift */,
			);
			path = "Cool Cars ProjectUITests";
			sourceTree = "<group>";
		};
		E3C4C3A5292474C100679D49 /* View Controllers */ = {
			isa = PBXGroup;
			children = (
				E3C4C39B2920811600679D49 /* TradingVC.swift */,
				E3C4C3AC2925509B00679D49 /* VehiclePageVC.swift */,
				E3C4C3AE292574FE00679D49 /* YourVehicleVC.swift */,
				E3D5723D295E4B4F002FB295 /* CurrentVC.swift */,
				E3D5723F295E4B6E002FB295 /* NextVC.swift */,
			);
			path = "View Controllers";
			sourceTree = "<group>";
		};
		E3C4C3A6292474D800679D49 /* Classes & Structs */ = {
			isa = PBXGroup;
			children = (
				E3C774D8292721190072538A /* Vehicles */,
				E3C4C3A32924692900679D49 /* CustomView.swift */,
				E3C4C3B029258BFC00679D49 /* DisplayVehicleData.swift */,
				E3C4C3A8292475F100679D49 /* User.swift */,
			);
			path = "Classes & Structs";
			sourceTree = "<group>";
		};
		E3C4C3A7292474ED00679D49 /* Other */ = {
			isa = PBXGroup;
			children = (
				E3C4C36D292065BE00679D49 /* SceneDelegate.swift */,
				E3C4C36B292065BE00679D49 /* AppDelegate.swift */,
				E3C4C371292065BE00679D49 /* Main.storyboard */,
				E3C4C376292065BF00679D49 /* LaunchScreen.storyboard */,
				E3C4C374292065BF00679D49 /* Assets.xcassets */,
			);
			path = Other;
			sourceTree = "<group>";
		};
		E3C774D8292721190072538A /* Vehicles */ = {
			isa = PBXGroup;
			children = (
				E3C4C3AA29247A8900679D49 /* Vehicle.swift */,
			);
			path = Vehicles;
			sourceTree = "<group>";
		};
/* End PBXGroup section */

/* Begin PBXNativeTarget section */
		E3C4C367292065BE00679D49 /* Cool Cars Project */ = {
			isa = PBXNativeTarget;
			buildConfigurationList = E3C4C392292065BF00679D49 /* Build configuration list for PBXNativeTarget "Cool Cars Project" */;
			buildPhases = (
				E3C4C364292065BE00679D49 /* Sources */,
				E3C4C365292065BE00679D49 /* Frameworks */,
				E3C4C366292065BE00679D49 /* Resources */,
			);
			buildRules = (
			);
			dependencies = (
			);
			name = "Cool Cars Project";
			productName = "Cool Cars Project";
			productReference = E3C4C368292065BE00679D49 /* Cool Cars Project.app */;
			productType = "com.apple.product-type.application";
		};
		E3C4C37D292065BF00679D49 /* Cool Cars ProjectTests */ = {
			isa = PBXNativeTarget;
			buildConfigurationList = E3C4C395292065BF00679D49 /* Build configuration list for PBXNativeTarget "Cool Cars ProjectTests" */;
			buildPhases = (
				E3C4C37A292065BF00679D49 /* Sources */,
				E3C4C37B292065BF00679D49 /* Frameworks */,
				E3C4C37C292065BF00679D49 /* Resources */,
			);
			buildRules = (
			);
			dependencies = (
				E3C4C380292065BF00679D49 /* PBXTargetDependency */,
			);
			name = "Cool Cars ProjectTests";
			productName = "Cool Cars ProjectTests";
			productReference = E3C4C37E292065BF00679D49 /* Cool Cars ProjectTests.xctest */;
			productType = "com.apple.product-type.bundle.unit-test";
		};
		E3C4C387292065BF00679D49 /* Cool Cars ProjectUITests */ = {
			isa = PBXNativeTarget;
			buildConfigurationList = E3C4C398292065BF00679D49 /* Build configuration list for PBXNativeTarget "Cool Cars ProjectUITests" */;
			buildPhases = (
				E3C4C384292065BF00679D49 /* Sources */,
				E3C4C385292065BF00679D49 /* Frameworks */,
				E3C4C386292065BF00679D49 /* Resources */,
			);
			buildRules = (
			);
			dependencies = (
				E3C4C38A292065BF00679D49 /* PBXTargetDependency */,
			);
			name = "Cool Cars ProjectUITests";
			productName = "Cool Cars ProjectUITests";
			productReference = E3C4C388292065BF00679D49 /* Cool Cars ProjectUITests.xctest */;
			productType = "com.apple.product-type.bundle.ui-testing";
		};
/* End PBXNativeTarget section */

/* Begin PBXProject section */
		E3C4C360292065BE00679D49 /* Project object */ = {
			isa = PBXProject;
			attributes = {
				BuildIndependentTargetsInParallel = 1;
				LastSwiftUpdateCheck = 1400;
				LastUpgradeCheck = 1400;
				TargetAttributes = {
					E3C4C367292065BE00679D49 = {
						CreatedOnToolsVersion = 14.0.1;
					};
					E3C4C37D292065BF00679D49 = {
						CreatedOnToolsVersion = 14.0.1;
						TestTargetID = E3C4C367292065BE00679D49;
					};
					E3C4C387292065BF00679D49 = {
						CreatedOnToolsVersion = 14.0.1;
						TestTargetID = E3C4C367292065BE00679D49;
					};
				};
			};
			buildConfigurationList = E3C4C363292065BE00679D49 /* Build configuration list for PBXProject "Cool Cars Project" */;
			compatibilityVersion = "Xcode 14.0";
			developmentRegion = en;
			hasScannedForEncodings = 0;
			knownRegions = (
				en,
				Base,
			);
			mainGroup = E3C4C35F292065BE00679D49;
			productRefGroup = E3C4C369292065BE00679D49 /* Products */;
			projectDirPath = "";
			projectRoot = "";
			targets = (
				E3C4C367292065BE00679D49 /* Cool Cars Project */,
				E3C4C37D292065BF00679D49 /* Cool Cars ProjectTests */,
				E3C4C387292065BF00679D49 /* Cool Cars ProjectUITests */,
			);
		};
/* End PBXProject section */

/* Begin PBXResourcesBuildPhase section */
		E3C4C366292065BE00679D49 /* Resources */ = {
			isa = PBXResourcesBuildPhase;
			buildActionMask = 2147483647;
			files = (
				E3C4C378292065BF00679D49 /* LaunchScreen.storyboard in Resources */,
				E3C4C375292065BF00679D49 /* Assets.xcassets in Resources */,
				E3C4C373292065BE00679D49 /* Main.storyboard in Resources */,
			);
			runOnlyForDeploymentPostprocessing = 0;
		};
		E3C4C37C292065BF00679D49 /* Resources */ = {
			isa = PBXResourcesBuildPhase;
			buildActionMask = 2147483647;
			files = (
			);
			runOnlyForDeploymentPostprocessing = 0;
		};
		E3C4C386292065BF00679D49 /* Resources */ = {
			isa = PBXResourcesBuildPhase;
			buildActionMask = 2147483647;
			files = (
			);
			runOnlyForDeploymentPostprocessing = 0;
		};
/* End PBXResourcesBuildPhase section */

/* Begin PBXSourcesBuildPhase section */
		E3C4C364292065BE00679D49 /* Sources */ = {
			isa = PBXSourcesBuildPhase;
			buildActionMask = 2147483647;
			files = (
				E3C4C3AB29247A8900679D49 /* Vehicle.swift in Sources */,
				E3D57240295E4B6E002FB295 /* NextVC.swift in Sources */,
				E3C4C3B129258BFC00679D49 /* DisplayVehicleData.swift in Sources */,
				E3C4C3AD2925509B00679D49 /* VehiclePageVC.swift in Sources */,
				E3C4C39C2920811600679D49 /* TradingVC.swift in Sources */,
				E3C4C3A42924692900679D49 /* CustomView.swift in Sources */,
				E3C4C3AF292574FE00679D49 /* YourVehicleVC.swift in Sources */,
				E3D5723E295E4B4F002FB295 /* CurrentVC.swift in Sources */,
				E3C4C36C292065BE00679D49 /* AppDelegate.swift in Sources */,
				E3C4C3A9292475F100679D49 /* User.swift in Sources */,
				E3C4C36E292065BE00679D49 /* SceneDelegate.swift in Sources */,
			);
			runOnlyForDeploymentPostprocessing = 0;
		};
		E3C4C37A292065BF00679D49 /* Sources */ = {
			isa = PBXSourcesBuildPhase;
			buildActionMask = 2147483647;
			files = (
				E3C4C383292065BF00679D49 /* Cool_Cars_ProjectTests.swift in Sources */,
			);
			runOnlyForDeploymentPostprocessing = 0;
		};
		E3C4C384292065BF00679D49 /* Sources */ = {
			isa = PBXSourcesBuildPhase;
			buildActionMask = 2147483647;
			files = (
				E3C4C38F292065BF00679D49 /* Cool_Cars_ProjectUITestsLaunchTests.swift in Sources */,
				E3C4C38D292065BF00679D49 /* Cool_Cars_ProjectUITests.swift in Sources */,
			);
			runOnlyForDeploymentPostprocessing = 0;
		};
/* End PBXSourcesBuildPhase section */

/* Begin PBXTargetDependency section */
		E3C4C380292065BF00679D49 /* PBXTargetDependency */ = {
			isa = PBXTargetDependency;
			target = E3C4C367292065BE00679D49 /* Cool Cars Project */;
			targetProxy = E3C4C37F292065BF00679D49 /* PBXContainerItemProxy */;
		};
		E3C4C38A292065BF00679D49 /* PBXTargetDependency */ = {
			isa = PBXTargetDependency;
			target = E3C4C367292065BE00679D49 /* Cool Cars Project */;
			targetProxy = E3C4C389292065BF00679D49 /* PBXContainerItemProxy */;
		};
/* End PBXTargetDependency section */

/* Begin PBXVariantGroup section */
		E3C4C371292065BE00679D49 /* Main.storyboard */ = {
			isa = PBXVariantGroup;
			children = (
				E3C4C372292065BE00679D49 /* Base */,
			);
			name = Main.storyboard;
			sourceTree = "<group>";
		};
		E3C4C376292065BF00679D49 /* LaunchScreen.storyboard */ = {
			isa = PBXVariantGroup;
			children = (
				E3C4C377292065BF00679D49 /* Base */,
			);
			name = LaunchScreen.storyboard;
			sourceTree = "<group>";
		};
/* End PBXVariantGroup section */

/* Begin XCBuildConfiguration section */
		E3C4C390292065BF00679D49 /* Debug */ = {
			isa = XCBuildConfiguration;
			buildSettings = {
				ALWAYS_SEARCH_USER_PATHS = NO;
				CLANG_ANALYZER_NONNULL = YES;
				CLANG_ANALYZER_NUMBER_OBJECT_CONVERSION = YES_AGGRESSIVE;
				CLANG_CXX_LANGUAGE_STANDARD = "gnu++20";
				CLANG_ENABLE_MODULES = YES;
				CLANG_ENABLE_OBJC_ARC = YES;
				CLANG_ENABLE_OBJC_WEAK = YES;
				CLANG_WARN_BLOCK_CAPTURE_AUTORELEASING = YES;
				CLANG_WARN_BOOL_CONVERSION = YES;
				CLANG_WARN_COMMA = YES;
				CLANG_WARN_CONSTANT_CONVERSION = YES;
				CLANG_WARN_DEPRECATED_OBJC_IMPLEMENTATIONS = YES;
				CLANG_WARN_DIRECT_OBJC_ISA_USAGE = YES_ERROR;
				CLANG_WARN_DOCUMENTATION_COMMENTS = YES;
				CLANG_WARN_EMPTY_BODY = YES;
				CLANG_WARN_ENUM_CONVERSION = YES;
				CLANG_WARN_INFINITE_RECURSION = YES;
				CLANG_WARN_INT_CONVERSION = YES;
				CLANG_WARN_NON_LITERAL_NULL_CONVERSION = YES;
				CLANG_WARN_OBJC_IMPLICIT_RETAIN_SELF = YES;
				CLANG_WARN_OBJC_LITERAL_CONVERSION = YES;
				CLANG_WARN_OBJC_ROOT_CLASS = YES_ERROR;
				CLANG_WARN_QUOTED_INCLUDE_IN_FRAMEWORK_HEADER = YES;
				CLANG_WARN_RANGE_LOOP_ANALYSIS = YES;
				CLANG_WARN_STRICT_PROTOTYPES = YES;
				CLANG_WARN_SUSPICIOUS_MOVE = YES;
				CLANG_WARN_UNGUARDED_AVAILABILITY = YES_AGGRESSIVE;
				CLANG_WARN_UNREACHABLE_CODE = YES;
				CLANG_WARN__DUPLICATE_METHOD_MATCH = YES;
				COPY_PHASE_STRIP = NO;
				DEBUG_INFORMATION_FORMAT = dwarf;
				ENABLE_STRICT_OBJC_MSGSEND = YES;
				ENABLE_TESTABILITY = YES;
				GCC_C_LANGUAGE_STANDARD = gnu11;
				GCC_DYNAMIC_NO_PIC = NO;
				GCC_NO_COMMON_BLOCKS = YES;
				GCC_OPTIMIZATION_LEVEL = 0;
				GCC_PREPROCESSOR_DEFINITIONS = (
					"DEBUG=1",
					"$(inherited)",
				);
				GCC_WARN_64_TO_32_BIT_CONVERSION = YES;
				GCC_WARN_ABOUT_RETURN_TYPE = YES_ERROR;
				GCC_WARN_UNDECLARED_SELECTOR = YES;
				GCC_WARN_UNINITIALIZED_AUTOS = YES_AGGRESSIVE;
				GCC_WARN_UNUSED_FUNCTION = YES;
				GCC_WARN_UNUSED_VARIABLE = YES;
				IPHONEOS_DEPLOYMENT_TARGET = 16.0;
				MTL_ENABLE_DEBUG_INFO = INCLUDE_SOURCE;
				MTL_FAST_MATH = YES;
				ONLY_ACTIVE_ARCH = YES;
				SDKROOT = iphoneos;
				SWIFT_ACTIVE_COMPILATION_CONDITIONS = DEBUG;
				SWIFT_OPTIMIZATION_LEVEL = "-Onone";
			};
			name = Debug;
		};
		E3C4C391292065BF00679D49 /* Release */ = {
			isa = XCBuildConfiguration;
			buildSettings = {
				ALWAYS_SEARCH_USER_PATHS = NO;
				CLANG_ANALYZER_NONNULL = YES;
				CLANG_ANALYZER_NUMBER_OBJECT_CONVERSION = YES_AGGRESSIVE;
				CLANG_CXX_LANGUAGE_STANDARD = "gnu++20";
				CLANG_ENABLE_MODULES = YES;
				CLANG_ENABLE_OBJC_ARC = YES;
				CLANG_ENABLE_OBJC_WEAK = YES;
				CLANG_WARN_BLOCK_CAPTURE_AUTORELEASING = YES;
				CLANG_WARN_BOOL_CONVERSION = YES;
				CLANG_WARN_COMMA = YES;
				CLANG_WARN_CONSTANT_CONVERSION = YES;
				CLANG_WARN_DEPRECATED_OBJC_IMPLEMENTATIONS = YES;
				CLANG_WARN_DIRECT_OBJC_ISA_USAGE = YES_ERROR;
				CLANG_WARN_DOCUMENTATION_COMMENTS = YES;
				CLANG_WARN_EMPTY_BODY = YES;
				CLANG_WARN_ENUM_CONVERSION = YES;
				CLANG_WARN_INFINITE_RECURSION = YES;
				CLANG_WARN_INT_CONVERSION = YES;
				CLANG_WARN_NON_LITERAL_NULL_CONVERSION = YES;
				CLANG_WARN_OBJC_IMPLICIT_RETAIN_SELF = YES;
				CLANG_WARN_OBJC_LITERAL_CONVERSION = YES;
				CLANG_WARN_OBJC_ROOT_CLASS = YES_ERROR;
				CLANG_WARN_QUOTED_INCLUDE_IN_FRAMEWORK_HEADER = YES;
				CLANG_WARN_RANGE_LOOP_ANALYSIS = YES;
				CLANG_WARN_STRICT_PROTOTYPES = YES;
				CLANG_WARN_SUSPICIOUS_MOVE = YES;
				CLANG_WARN_UNGUARDED_AVAILABILITY = YES_AGGRESSIVE;
				CLANG_WARN_UNREACHABLE_CODE = YES;
				CLANG_WARN__DUPLICATE_METHOD_MATCH = YES;
				COPY_PHASE_STRIP = NO;
				DEBUG_INFORMATION_FORMAT = "dwarf-with-dsym";
				ENABLE_NS_ASSERTIONS = NO;
				ENABLE_STRICT_OBJC_MSGSEND = YES;
				GCC_C_LANGUAGE_STANDARD = gnu11;
				GCC_NO_COMMON_BLOCKS = YES;
				GCC_WARN_64_TO_32_BIT_CONVERSION = YES;
				GCC_WARN_ABOUT_RETURN_TYPE = YES_ERROR;
				GCC_WARN_UNDECLARED_SELECTOR = YES;
				GCC_WARN_UNINITIALIZED_AUTOS = YES_AGGRESSIVE;
				GCC_WARN_UNUSED_FUNCTION = YES;
				GCC_WARN_UNUSED_VARIABLE = YES;
				IPHONEOS_DEPLOYMENT_TARGET = 16.0;
				MTL_ENABLE_DEBUG_INFO = NO;
				MTL_FAST_MATH = YES;
				SDKROOT = iphoneos;
				SWIFT_COMPILATION_MODE = wholemodule;
				SWIFT_OPTIMIZATION_LEVEL = "-O";
				VALIDATE_PRODUCT = YES;
			};
			name = Release;
		};
		E3C4C393292065BF00679D49 /* Debug */ = {
			isa = XCBuildConfiguration;
			buildSettings = {
				ASSETCATALOG_COMPILER_APPICON_NAME = AppIcon;
				ASSETCATALOG_COMPILER_GLOBAL_ACCENT_COLOR_NAME = AccentColor;
				CODE_SIGN_STYLE = Automatic;
				CURRENT_PROJECT_VERSION = 1;
				GENERATE_INFOPLIST_FILE = YES;
				INFOPLIST_FILE = "Cool Cars Project/Info.plist";
				INFOPLIST_KEY_UIApplicationSupportsIndirectInputEvents = YES;
				INFOPLIST_KEY_UILaunchStoryboardName = LaunchScreen;
				INFOPLIST_KEY_UIMainStoryboardFile = Main;
				INFOPLIST_KEY_UISupportedInterfaceOrientations_iPad = "UIInterfaceOrientationPortrait UIInterfaceOrientationPortraitUpsideDown UIInterfaceOrientationLandscapeLeft UIInterfaceOrientationLandscapeRight";
				INFOPLIST_KEY_UISupportedInterfaceOrientations_iPhone = "UIInterfaceOrientationPortrait UIInterfaceOrientationLandscapeLeft UIInterfaceOrientationLandscapeRight";
				LD_RUNPATH_SEARCH_PATHS = (
					"$(inherited)",
					"@executable_path/Frameworks",
				);
				MARKETING_VERSION = 1.0;
				PRODUCT_BUNDLE_IDENTIFIER = "kgy.Cool-Cars-Project";
				PRODUCT_NAME = "$(TARGET_NAME)";
				SWIFT_EMIT_LOC_STRINGS = YES;
				SWIFT_VERSION = 5.0;
				TARGETED_DEVICE_FAMILY = "1,2";
			};
			name = Debug;
		};
		E3C4C394292065BF00679D49 /* Release */ = {
			isa = XCBuildConfiguration;
			buildSettings = {
				ASSETCATALOG_COMPILER_APPICON_NAME = AppIcon;
				ASSETCATALOG_COMPILER_GLOBAL_ACCENT_COLOR_NAME = AccentColor;
				CODE_SIGN_STYLE = Automatic;
				CURRENT_PROJECT_VERSION = 1;
				GENERATE_INFOPLIST_FILE = YES;
				INFOPLIST_FILE = "Cool Cars Project/Info.plist";
				INFOPLIST_KEY_UIApplicationSupportsIndirectInputEvents = YES;
				INFOPLIST_KEY_UILaunchStoryboardName = LaunchScreen;
				INFOPLIST_KEY_UIMainStoryboardFile = Main;
				INFOPLIST_KEY_UISupportedInterfaceOrientations_iPad = "UIInterfaceOrientationPortrait UIInterfaceOrientationPortraitUpsideDown UIInterfaceOrientationLandscapeLeft UIInterfaceOrientationLandscapeRight";
				INFOPLIST_KEY_UISupportedInterfaceOrientations_iPhone = "UIInterfaceOrientationPortrait UIInterfaceOrientationLandscapeLeft UIInterfaceOrientationLandscapeRight";
				LD_RUNPATH_SEARCH_PATHS = (
					"$(inherited)",
					"@executable_path/Frameworks",
				);
				MARKETING_VERSION = 1.0;
				PRODUCT_BUNDLE_IDENTIFIER = "kgy.Cool-Cars-Project";
				PRODUCT_NAME = "$(TARGET_NAME)";
				SWIFT_EMIT_LOC_STRINGS = YES;
				SWIFT_VERSION = 5.0;
				TARGETED_DEVICE_FAMILY = "1,2";
			};
			name = Release;
		};
		E3C4C396292065BF00679D49 /* Debug */ = {
			isa = XCBuildConfiguration;
			buildSettings = {
				ALWAYS_EMBED_SWIFT_STANDARD_LIBRARIES = YES;
				BUNDLE_LOADER = "$(TEST_HOST)";
				CODE_SIGN_STYLE = Automatic;
				CURRENT_PROJECT_VERSION = 1;
				GENERATE_INFOPLIST_FILE = YES;
				IPHONEOS_DEPLOYMENT_TARGET = 16.0;
				MARKETING_VERSION = 1.0;
				PRODUCT_BUNDLE_IDENTIFIER = "kgy.Cool-Cars-ProjectTests";
				PRODUCT_NAME = "$(TARGET_NAME)";
				SWIFT_EMIT_LOC_STRINGS = NO;
				SWIFT_VERSION = 5.0;
				TARGETED_DEVICE_FAMILY = "1,2";
				TEST_HOST = "$(BUILT_PRODUCTS_DIR)/Cool Cars Project.app/$(BUNDLE_EXECUTABLE_FOLDER_PATH)/Cool Cars Project";
			};
			name = Debug;
		};
		E3C4C397292065BF00679D49 /* Release */ = {
			isa = XCBuildConfiguration;
			buildSettings = {
				ALWAYS_EMBED_SWIFT_STANDARD_LIBRARIES = YES;
				BUNDLE_LOADER = "$(TEST_HOST)";
				CODE_SIGN_STYLE = Automatic;
				CURRENT_PROJECT_VERSION = 1;
				GENERATE_INFOPLIST_FILE = YES;
				IPHONEOS_DEPLOYMENT_TARGET = 16.0;
				MARKETING_VERSION = 1.0;
				PRODUCT_BUNDLE_IDENTIFIER = "kgy.Cool-Cars-ProjectTests";
				PRODUCT_NAME = "$(TARGET_NAME)";
				SWIFT_EMIT_LOC_STRINGS = NO;
				SWIFT_VERSION = 5.0;
				TARGETED_DEVICE_FAMILY = "1,2";
				TEST_HOST = "$(BUILT_PRODUCTS_DIR)/Cool Cars Project.app/$(BUNDLE_EXECUTABLE_FOLDER_PATH)/Cool Cars Project";
			};
			name = Release;
		};
		E3C4C399292065BF00679D49 /* Debug */ = {
			isa = XCBuildConfiguration;
			buildSettings = {
				ALWAYS_EMBED_SWIFT_STANDARD_LIBRARIES = YES;
				CODE_SIGN_STYLE = Automatic;
				CURRENT_PROJECT_VERSION = 1;
				GENERATE_INFOPLIST_FILE = YES;
				MARKETING_VERSION = 1.0;
				PRODUCT_BUNDLE_IDENTIFIER = "kgy.Cool-Cars-ProjectUITests";
				PRODUCT_NAME = "$(TARGET_NAME)";
				SWIFT_EMIT_LOC_STRINGS = NO;
				SWIFT_VERSION = 5.0;
				TARGETED_DEVICE_FAMILY = "1,2";
				TEST_TARGET_NAME = "Cool Cars Project";
			};
			name = Debug;
		};
		E3C4C39A292065BF00679D49 /* Release */ = {
			isa = XCBuildConfiguration;
			buildSettings = {
				ALWAYS_EMBED_SWIFT_STANDARD_LIBRARIES = YES;
				CODE_SIGN_STYLE = Automatic;
				CURRENT_PROJECT_VERSION = 1;
				GENERATE_INFOPLIST_FILE = YES;
				MARKETING_VERSION = 1.0;
				PRODUCT_BUNDLE_IDENTIFIER = "kgy.Cool-Cars-ProjectUITests";
				PRODUCT_NAME = "$(TARGET_NAME)";
				SWIFT_EMIT_LOC_STRINGS = NO;
				SWIFT_VERSION = 5.0;
				TARGETED_DEVICE_FAMILY = "1,2";
				TEST_TARGET_NAME = "Cool Cars Project";
			};
			name = Release;
		};
/* End XCBuildConfiguration section */

/* Begin XCConfigurationList section */
		E3C4C363292065BE00679D49 /* Build configuration list for PBXProject "Cool Cars Project" */ = {
			isa = XCConfigurationList;
			buildConfigurations = (
				E3C4C390292065BF00679D49 /* Debug */,
				E3C4C391292065BF00679D49 /* Release */,
			);
			defaultConfigurationIsVisible = 0;
			defaultConfigurationName = Release;
		};
		E3C4C392292065BF00679D49 /* Build configuration list for PBXNativeTarget "Cool Cars Project" */ = {
			isa = XCConfigurationList;
			buildConfigurations = (
				E3C4C393292065BF00679D49 /* Debug */,
				E3C4C394292065BF00679D49 /* Release */,
			);
			defaultConfigurationIsVisible = 0;
			defaultConfigurationName = Release;
		};
		E3C4C395292065BF00679D49 /* Build configuration list for PBXNativeTarget "Cool Cars ProjectTests" */ = {
			isa = XCConfigurationList;
			buildConfigurations = (
				E3C4C396292065BF00679D49 /* Debug */,
				E3C4C397292065BF00679D49 /* Release */,
			);
			defaultConfigurationIsVisible = 0;
			defaultConfigurationName = Release;
		};
		E3C4C398292065BF00679D49 /* Build configuration list for PBXNativeTarget "Cool Cars ProjectUITests" */ = {
			isa = XCConfigurationList;
			buildConfigurations = (
				E3C4C399292065BF00679D49 /* Debug */,
				E3C4C39A292065BF00679D49 /* Release */,
			);
			defaultConfigurationIsVisible = 0;
			defaultConfigurationName = Release;
		};
/* End XCConfigurationList section */
	};
	rootObject = E3C4C360292065BE00679D49 /* Project object */;
}
